{
  "name": "mlab-speedtest",
  "version": "1.0.0",
  "lockfileVersion": 3,
  "requires": true,
  "packages": {
    "": {
      "name": "mlab-speedtest",
      "version": "1.0.0",
      "license": "Apache-2.0",
      "dependencies": {
        "@m-lab/msak": "0.3.1",
        "@m-lab/ndt7": "0.1.4"
      },
      "devDependencies": {
        "gettext-parser": "^9.0.1"
      },
      "engines": {
        "node": ">=20.0.0"
      }
    },
    "node_modules/@m-lab/msak": {
      "version": "0.3.1",
      "resolved": "https://registry.npmjs.org/@m-lab/msak/-/msak-0.3.1.tgz",
      "integrity": "sha512-0Mgx6Ln6qjvWupGu6VEFjwLbmuqKkqTywmT98lehrXIhrF3gmWTD6onihG7my0cObX0hKXzJ1iGnVhr7S8Jj9g==",
      "license": "Apache-2.0",
      "dependencies": {
        "ua-parser-js": "^1.0.37"
      }
    },
    "node_modules/@m-lab/ndt7": {
      "version": "0.1.4",
      "resolved": "https://registry.npmjs.org/@m-lab/ndt7/-/ndt7-0.1.4.tgz",
      "integrity": "sha512-WKPjtAQr3FHue3HUixbiE4UoE3EHhcpbaahcyljHjp5Oto4648951YcAyZ/56vvFFf2f+UsXjYLYvWCBbw/Dyg==",
      "license": "Apache-2.0",
      "engines": {
        "node": ">=18"
      }
    },
    "node_modules/content-type": {
      "version": "1.0.5",
      "resolved": "https://registry.npmjs.org/content-type/-/content-type-1.0.5.tgz",
      "integrity": "sha512-nTjqfcBFEipKdXCv4YDQWCfmcLZKm81ldF0pAopTvyrFGVbcR6P/VAAd5G7N+0tTr8QqiU0tFadD6FK4NtJwOA==",
      "dev": true,
      "license": "MIT",
      "engines": {
        "node": ">= 0.6"
      }
    },
    "node_modules/encoding": {
      "version": "0.1.13",
      "resolved": "https://registry.npmjs.org/encoding/-/encoding-0.1.13.tgz",
      "integrity": "sha512-ETBauow1T35Y/WZMkio9jiM0Z5xjHHmJ4XmjZOq1l/dXz3lr2sRn87nJy20RupqSh1F2m3HHPSp8ShIPQJrJ3A==",
      "dev": true,
      "license": "MIT",
      "dependencies": {
        "iconv-lite": "^0.6.2"
      }
    },
    "node_modules/encoding/node_modules/iconv-lite": {
      "version": "0.6.3",
      "resolved": "https://registry.npmjs.org/iconv-lite/-/iconv-lite-0.6.3.tgz",
      "integrity": "sha512-4fCk79wshMdzMp2rH06qWrJE4iolqLhCUH+OiuIgU++RB0+94NlDL81atO7GX55uUKueo0txHNtvEyI6D7WdMw==",
      "dev": true,
      "license": "MIT",
      "dependencies": {
        "safer-buffer": ">= 2.1.2 < 3.0.0"
      },
      "engines": {
        "node": ">=0.10.0"
      }
    },
    "node_modules/gettext-parser": {
      "version": "9.0.1",
      "resolved": "https://registry.npmjs.org/gettext-parser/-/gettext-parser-9.0.1.tgz",
      "integrity": "sha512-q6F1KukCoQO9WivuO3O86UK+SyhYi8V1lSn+Ql4IfhHmbCX98drWTt2bGRn2RqEORsF8NgnpbcUaAr/ATNs57A==",
      "dev": true,
      "license": "MIT",
      "dependencies": {
        "content-type": "^1.0.5",
        "encoding": "^0.1.13"
      },
      "engines": {
        "node": ">=20"
      }
    },
    "node_modules/safer-buffer": {
      "version": "2.1.2",
      "resolved": "https://registry.npmjs.org/safer-buffer/-/safer-buffer-2.1.2.tgz",
      "integrity": "sha512-YZo3K82SD7Riyi0E1EQPojLz7kpepnSQI9IyPbHHg1XXXevb5dJI7tpyN2ADxGcQbHG7vcyRHk0cbwqcQriUtg==",
      "dev": true,
      "license": "MIT"
    },
    "node_modules/ua-parser-js": {
      "version": "1.0.37",
      "resolved": "https://registry.npmjs.org/ua-parser-js/-/ua-parser-js-1.0.37.tgz",
      "integrity": "sha512-bhTyI94tZofjo+Dn8SN6Zv8nBDvyXTymAdM3LDI/0IboIUwTu1rEhW7v2TfiVsoYWgkQ4kOVqnI8APUFbIQIFQ==",
      "funding": [
        {
          "type": "opencollective",
          "url": "https://opencollective.com/ua-parser-js"
        },
        {
          "type": "paypal",
          "url": "https://paypal.me/faisalman"
        },
        {
          "type": "github",
          "url": "https://github.com/sponsors/faisalman"
        }
      ],
      "license": "MIT",
      "engines": {
        "node": "*"
      }
    }
  }
}
